
Microsoft Visual Studio Solution File, Format Version 12.00
# Visual Studio Version 16
VisualStudioVersion = 16.0.30907.101
MinimumVisualStudioVersion = 10.0.40219.1
Project("{FAE04EC0-301F-11D3-BF4B-00C04F79EFBC}") = "0314", "0314\0314.csproj", "{C7EAAF4B-1B0C-497F-9C96-06A0E2B41165}"
EndProject
Global
	GlobalSection(SolutionConfigurationPlatforms) = preSolution
		Debug|Any CPU = Debug|Any CPU
		Release|Any CPU = Release|Any CPU
	EndGlobalSection
	GlobalSection(ProjectConfigurationPlatforms) = postSolution
		{C7EAAF4B-1B0C-497F-9C96-06A0E2B41165}.Debug|Any CPU.ActiveCfg = Debug|Any CPU
		{C7EAAF4B-1B0C-497F-9C96-06A0E2B41165}.Debug|Any CPU.Build.0 = Debug|Any CPU
		{C7EAAF4B-1B0C-497F-9C96-06A0E2B41165}.Release|Any CPU.ActiveCfg = Release|Any CPU
		{C7EAAF4B-1B0C-497F-9C96-06A0E2B41165}.Release|Any CPU.Build.0 = Release|Any CPU
	EndGlobalSection
	GlobalSection(SolutionProperties) = preSolution
		HideSolutionNode = FALSE
	EndGlobalSection
	GlobalSection(ExtensibilityGlobals) = postSolution
		SolutionGuid = {280829C3-7576-4EE9-902E-6F32C028AD07}
	EndGlobalSection
EndGlobal
